
Microsoft Visual Studio Solution File, Format Version 12.00
# Visual Studio Version 16
VisualStudioVersion = 16.0.30804.86
MinimumVisualStudioVersion = 10.0.40219.1
Project("{FAE04EC0-301F-11D3-BF4B-00C04F79EFBC}") = "WebApi", "WebApi\WebApi.csproj", "{33F182CD-EF78-4D39-B048-A4C9D1C2ED60}"
EndProject
Global
	GlobalSection(SolutionConfigurationPlatforms) = preSolution
		Debug|Any CPU = Debug|Any CPU
		Release|Any CPU = Release|Any CPU
	EndGlobalSection
	GlobalSection(ProjectConfigurationPlatforms) = postSolution
		{33F182CD-EF78-4D39-B048-A4C9D1C2ED60}.Debug|Any CPU.ActiveCfg = Debug|Any CPU
		{33F182CD-EF78-4D39-B048-A4C9D1C2ED60}.Debug|Any CPU.Build.0 = Debug|Any CPU
		{33F182CD-EF78-4D39-B048-A4C9D1C2ED60}.Release|Any CPU.ActiveCfg = Release|Any CPU
		{33F182CD-EF78-4D39-B048-A4C9D1C2ED60}.Release|Any CPU.Build.0 = Release|Any CPU
	EndGlobalSection
	GlobalSection(SolutionProperties) = preSolution
		HideSolutionNode = FALSE
	EndGlobalSection
	GlobalSection(ExtensibilityGlobals) = postSolution
		SolutionGuid = {EFA1EFA7-A2F8-4478-8B00-7E6690A5C790}
	EndGlobalSection
EndGlobal
